
Microsoft Visual Studio Solution File, Format Version 12.00
# Visual Studio Version 17
VisualStudioVersion = 17.12.35527.113 d17.12
MinimumVisualStudioVersion = 10.0.40219.1
Project("{FAE04EC0-301F-11D3-BF4B-00C04F79EFBC}") = "E-Commerce.Web", "E-Commerce.Web\E-Commerce.Web.csproj", "{4EC2BF3B-EC7F-4FF8-9DCF-C7600CD05508}"
EndProject
Project("{2150E333-8FDC-42A3-9474-1A3956D46DE8}") = "Core", "Core", "{425BA943-E910-452A-AB11-DB7642E690D3}"
EndProject
Project("{FAE04EC0-301F-11D3-BF4B-00C04F79EFBC}") = "DomainLayer", "Core\DomainLayer\DomainLayer.csproj", "{6C4356E7-9F78-4C1D-80E2-AD434B9AB808}"
EndProject
Project("{FAE04EC0-301F-11D3-BF4B-00C04F79EFBC}") = "Service", "Core\Service\Service.csproj", "{4E31EA43-FEBB-4F3F-8C95-7BFE4185FDAE}"
EndProject
Project("{FAE04EC0-301F-11D3-BF4B-00C04F79EFBC}") = "ServiceAbstraction", "Core\ServiceAbstraction\ServiceAbstraction.csproj", "{FAABCC3D-B56E-4AE2-AB4D-8DF4D5B6811C}"
EndProject
Project("{2150E333-8FDC-42A3-9474-1A3956D46DE8}") = "Infrastructure", "Infrastructure", "{DBAE6F65-968D-40ED-BC3C-EEC43FDAA2D0}"
EndProject
Project("{FAE04EC0-301F-11D3-BF4B-00C04F79EFBC}") = "Persistence", "Infrastructure\Persistence\Persistence.csproj", "{124A355A-828D-46D6-8540-0A3E5F1C619F}"
EndProject
Project("{FAE04EC0-301F-11D3-BF4B-00C04F79EFBC}") = "Presentation", "Infrastructure\Presentation\Presentation.csproj", "{2977E6FB-C4BC-4121-9AB8-1755A06932BB}"
EndProject
Project("{FAE04EC0-301F-11D3-BF4B-00C04F79EFBC}") = "Shared", "Shared\Shared.csproj", "{D3BFE191-4C5D-4577-815F-889FCFE43CA7}"
EndProject
Global
	GlobalSection(SolutionConfigurationPlatforms) = preSolution
		Debug|Any CPU = Debug|Any CPU
		Release|Any CPU = Release|Any CPU
	EndGlobalSection
	GlobalSection(ProjectConfigurationPlatforms) = postSolution
		{4EC2BF3B-EC7F-4FF8-9DCF-C7600CD05508}.Debug|Any CPU.ActiveCfg = Debug|Any CPU
		{4EC2BF3B-EC7F-4FF8-9DCF-C7600CD05508}.Debug|Any CPU.Build.0 = Debug|Any CPU
		{4EC2BF3B-EC7F-4FF8-9DCF-C7600CD05508}.Release|Any CPU.ActiveCfg = Release|Any CPU
		{4EC2BF3B-EC7F-4FF8-9DCF-C7600CD05508}.Release|Any CPU.Build.0 = Release|Any CPU
		{6C4356E7-9F78-4C1D-80E2-AD434B9AB808}.Debug|Any CPU.ActiveCfg = Debug|Any CPU
		{6C4356E7-9F78-4C1D-80E2-AD434B9AB808}.Debug|Any CPU.Build.0 = Debug|Any CPU
		{6C4356E7-9F78-4C1D-80E2-AD434B9AB808}.Release|Any CPU.ActiveCfg = Release|Any CPU
		{6C4356E7-9F78-4C1D-80E2-AD434B9AB808}.Release|Any CPU.Build.0 = Release|Any CPU
		{4E31EA43-FEBB-4F3F-8C95-7BFE4185FDAE}.Debug|Any CPU.ActiveCfg = Debug|Any CPU
		{4E31EA43-FEBB-4F3F-8C95-7BFE4185FDAE}.Debug|Any CPU.Build.0 = Debug|Any CPU
		{4E31EA43-FEBB-4F3F-8C95-7BFE4185FDAE}.Release|Any CPU.ActiveCfg = Release|Any CPU
		{4E31EA43-FEBB-4F3F-8C95-7BFE4185FDAE}.Release|Any CPU.Build.0 = Release|Any CPU
		{FAABCC3D-B56E-4AE2-AB4D-8DF4D5B6811C}.Debug|Any CPU.ActiveCfg = Debug|Any CPU
		{FAABCC3D-B56E-4AE2-AB4D-8DF4D5B6811C}.Debug|Any CPU.Build.0 = Debug|Any CPU
		{FAABCC3D-B56E-4AE2-AB4D-8DF4D5B6811C}.Release|Any CPU.ActiveCfg = Release|Any CPU
		{FAABCC3D-B56E-4AE2-AB4D-8DF4D5B6811C}.Release|Any CPU.Build.0 = Release|Any CPU
		{124A355A-828D-46D6-8540-0A3E5F1C619F}.Debug|Any CPU.ActiveCfg = Debug|Any CPU
		{124A355A-828D-46D6-8540-0A3E5F1C619F}.Debug|Any CPU.Build.0 = Debug|Any CPU
		{124A355A-828D-46D6-8540-0A3E5F1C619F}.Release|Any CPU.ActiveCfg = Release|Any CPU
		{124A355A-828D-46D6-8540-0A3E5F1C619F}.Release|Any CPU.Build.0 = Release|Any CPU
		{2977E6FB-C4BC-4121-9AB8-1755A06932BB}.Debug|Any CPU.ActiveCfg = Debug|Any CPU
		{2977E6FB-C4BC-4121-9AB8-1755A06932BB}.Debug|Any CPU.Build.0 = Debug|Any CPU
		{2977E6FB-C4BC-4121-9AB8-1755A06932BB}.Release|Any CPU.ActiveCfg = Release|Any CPU
		{2977E6FB-C4BC-4121-9AB8-1755A06932BB}.Release|Any CPU.Build.0 = Release|Any CPU
		{D3BFE191-4C5D-4577-815F-889FCFE43CA7}.Debug|Any CPU.ActiveCfg = Debug|Any CPU
		{D3BFE191-4C5D-4577-815F-889FCFE43CA7}.Debug|Any CPU.Build.0 = Debug|Any CPU
		{D3BFE191-4C5D-4577-815F-889FCFE43CA7}.Release|Any CPU.ActiveCfg = Release|Any CPU
		{D3BFE191-4C5D-4577-815F-889FCFE43CA7}.Release|Any CPU.Build.0 = Release|Any CPU
	EndGlobalSection
	GlobalSection(SolutionProperties) = preSolution
		HideSolutionNode = FALSE
	EndGlobalSection
	GlobalSection(NestedProjects) = preSolution
		{6C4356E7-9F78-4C1D-80E2-AD434B9AB808} = {425BA943-E910-452A-AB11-DB7642E690D3}
		{4E31EA43-FEBB-4F3F-8C95-7BFE4185FDAE} = {425BA943-E910-452A-AB11-DB7642E690D3}
		{FAABCC3D-B56E-4AE2-AB4D-8DF4D5B6811C} = {425BA943-E910-452A-AB11-DB7642E690D3}
		{124A355A-828D-46D6-8540-0A3E5F1C619F} = {DBAE6F65-968D-40ED-BC3C-EEC43FDAA2D0}
		{2977E6FB-C4BC-4121-9AB8-1755A06932BB} = {DBAE6F65-968D-40ED-BC3C-EEC43FDAA2D0}
	EndGlobalSection
EndGlobal
